
Microsoft Visual Studio Solution File, Format Version 12.00
# Visual Studio Version 17
VisualStudioVersion = 17.5.33414.496
MinimumVisualStudioVersion = 10.0.40219.1
Project("{2150E333-8FDC-42A3-9474-1A3956D46DE8}") = "src", "src", "{2B133ED5-5B71-4938-B9EC-76916A008F96}"
EndProject
Project("{2150E333-8FDC-42A3-9474-1A3956D46DE8}") = "Common", "Common", "{5CF10D4B-CA90-410A-A566-ECC5BC5C2114}"
EndProject
Project("{2150E333-8FDC-42A3-9474-1A3956D46DE8}") = "Core", "Core", "{947CACE3-F27B-400F-B18D-9F924C33A37C}"
EndProject
Project("{2150E333-8FDC-42A3-9474-1A3956D46DE8}") = "Infrastructure", "Infrastructure", "{F99CB47D-71A9-45F0-B4A0-188D514CC980}"
EndProject
Project("{2150E333-8FDC-42A3-9474-1A3956D46DE8}") = "Presentation", "Presentation", "{C9AC5C3F-F04D-46F4-9251-B1FB8D030F68}"
EndProject
Project("{9A19103F-16F7-4668-BE54-9A1E7A4F7556}") = "CourseService", "CourseService\CourseService.csproj", "{8F128ACE-7613-4EB0-82A5-FC342FD00F32}"
EndProject
Project("{9A19103F-16F7-4668-BE54-9A1E7A4F7556}") = "UMS_Lab3.Infrastructure.Abstraction", "UMS_Lab3.Infrastructure.Abstraction\UMS_Lab3.Infrastructure.Abstraction.csproj", "{8A5E3DAF-892A-4677-B902-69407BA2A814}"
EndProject
Project("{9A19103F-16F7-4668-BE54-9A1E7A4F7556}") = "UMS_Lab3.Infrastructure", "UMS_Lab3.Infrastructure\UMS_Lab3.Infrastructure.csproj", "{B9453840-1592-4231-8304-740C34A3980E}"
EndProject
Project("{9A19103F-16F7-4668-BE54-9A1E7A4F7556}") = "UMS_Lab3.Application", "UMS_Lab3.Application\UMS_Lab3.Application.csproj", "{56E6017C-9F05-463B-9141-9739B51FE82E}"
EndProject
Project("{9A19103F-16F7-4668-BE54-9A1E7A4F7556}") = "UMS_Lab3.Domain", "UMS_Lab3.Domain\UMS_Lab3.Domain.csproj", "{36E00DD5-8E23-46E8-9A2A-AE3161E0A2AD}"
EndProject
Project("{9A19103F-16F7-4668-BE54-9A1E7A4F7556}") = "UMS_Lab3", "UMS_Lab3\UMS_Lab3.csproj", "{B7754B3A-30A9-411D-8185-8E5000FA8E8E}"
EndProject
Project("{9A19103F-16F7-4668-BE54-9A1E7A4F7556}") = "MyEmailService", "MyEmailService\MyEmailService.csproj", "{07417E96-BC74-4A7F-B45E-21E49781AFEB}"
EndProject
Project("{9A19103F-16F7-4668-BE54-9A1E7A4F7556}") = "UMS_Lab3.Persistence", "UMS_Lab3.Persistence\UMS_Lab3.Persistence.csproj", "{90EAC79C-2306-4E47-B07A-96BDEFC1D5E8}"
EndProject
Project("{9A19103F-16F7-4668-BE54-9A1E7A4F7556}") = "TeacherService", "TeacherService\TeacherService.csproj", "{AB2D6CEA-28F3-4B04-ABD0-E9706995DE5A}"
EndProject
Project("{2150E333-8FDC-42A3-9474-1A3956D46DE8}") = "CourseService", "CourseService", "{0D1070A5-EC11-4B7D-ACC1-DA895759DC9A}"
EndProject
Project("{2150E333-8FDC-42A3-9474-1A3956D46DE8}") = "Common", "Common", "{E19BF18A-5E6F-4AAC-800D-DCE4718CF802}"
EndProject
Project("{2150E333-8FDC-42A3-9474-1A3956D46DE8}") = "Core", "Core", "{4485B093-4B90-4C28-9BC9-087610CD5E42}"
EndProject
Project("{2150E333-8FDC-42A3-9474-1A3956D46DE8}") = "Infrastructure", "Infrastructure", "{BF8864AB-6B15-4107-9EC7-BAA4268B4449}"
EndProject
Project("{2150E333-8FDC-42A3-9474-1A3956D46DE8}") = "Presentation", "Presentation", "{316081DF-2389-463B-81EC-9E360DBA3D6C}"
EndProject
Project("{9A19103F-16F7-4668-BE54-9A1E7A4F7556}") = "CourseService.Application", "CourseService.Application\CourseService.Application.csproj", "{F2FEA088-FB3D-4C8D-84AA-20754E67F7B3}"
EndProject
Project("{9A19103F-16F7-4668-BE54-9A1E7A4F7556}") = "CourseService.Domain", "CourseService.Domain\CourseService.Domain.csproj", "{A24BFC30-C96B-4593-8E36-C8906240D01A}"
EndProject
Project("{9A19103F-16F7-4668-BE54-9A1E7A4F7556}") = "CourseService.Persistence", "CourseService.Persistence\CourseService.Persistence.csproj", "{3F05EBB1-25E5-4A90-8410-B76F3F46FF49}"
EndProject
Project("{2150E333-8FDC-42A3-9474-1A3956D46DE8}") = "Common", "Common", "{15227686-8DF5-40F7-ABC2-89B5A00D01BE}"
EndProject
Project("{2150E333-8FDC-42A3-9474-1A3956D46DE8}") = "EnrollementService", "EnrollementService", "{1CF79C09-5212-45CB-88A4-CD15C3F7843E}"
EndProject
Project("{2150E333-8FDC-42A3-9474-1A3956D46DE8}") = "Core", "Core", "{F6304B70-F715-40DF-82D1-53623A8E664F}"
EndProject
Project("{2150E333-8FDC-42A3-9474-1A3956D46DE8}") = "Infrastructure", "Infrastructure", "{758AFDAF-0F02-43F0-834C-6E79F04FCE2A}"
EndProject
Project("{2150E333-8FDC-42A3-9474-1A3956D46DE8}") = "Presentation", "Presentation", "{DE77AD0D-7ADC-4140-9FC9-9A2627F4A07D}"
EndProject
Project("{9A19103F-16F7-4668-BE54-9A1E7A4F7556}") = "EnrollementService", "EnrollementService\EnrollementService.csproj", "{186E8800-9269-4302-ABAF-C668A50ED7FE}"
EndProject
Project("{9A19103F-16F7-4668-BE54-9A1E7A4F7556}") = "EnrollementService.Persistence", "EnrollementService.Persistence\EnrollementService.Persistence.csproj", "{62B9CF92-5D0D-418F-8BAA-EBDA20AD7BC8}"
EndProject
Project("{9A19103F-16F7-4668-BE54-9A1E7A4F7556}") = "EnrollementService.Application", "EnrollementService.Application\EnrollementService.Application.csproj", "{8BB21D06-6976-4777-BDA9-74CE0881C14B}"
EndProject
Project("{9A19103F-16F7-4668-BE54-9A1E7A4F7556}") = "EnrollementService.Domain", "EnrollementService.Domain\EnrollementService.Domain.csproj", "{F942155C-CE18-4864-A616-C96283A9173C}"
EndProject
Project("{2150E333-8FDC-42A3-9474-1A3956D46DE8}") = "TeacherService", "TeacherService", "{6CDB1C3E-2042-4BEB-A39E-3F8C2C0C0841}"
EndProject
Project("{2150E333-8FDC-42A3-9474-1A3956D46DE8}") = "Core", "Core", "{0B48E05B-1390-408F-9BBE-CA08F963D761}"
EndProject
Project("{2150E333-8FDC-42A3-9474-1A3956D46DE8}") = "Common", "Common", "{7EB4D537-82B2-43DF-8D7B-285734EAF2E1}"
	ProjectSection(SolutionItems) = preProject
		TeacherService.Application\Service\UserCreatedConsumer.cs = TeacherService.Application\Service\UserCreatedConsumer.cs
	EndProjectSection
EndProject
Project("{2150E333-8FDC-42A3-9474-1A3956D46DE8}") = "Infrastructure", "Infrastructure", "{AD73F93E-17CA-4A19-B0C8-AEDACFB1D163}"
EndProject
Project("{2150E333-8FDC-42A3-9474-1A3956D46DE8}") = "Presentation", "Presentation", "{A5808AC4-C8C6-4AA1-AE26-A568AE5DC593}"
EndProject
Project("{9A19103F-16F7-4668-BE54-9A1E7A4F7556}") = "TeacherService.Persistence", "TeacherService.Persistence\TeacherService.Persistence.csproj", "{50FBF2D4-CAB4-451F-BF7D-81EC5AA6FEC0}"
EndProject
Project("{9A19103F-16F7-4668-BE54-9A1E7A4F7556}") = "TeacherService.Domain", "TeacherService.Domain\TeacherService.Domain.csproj", "{20652A6D-D9BF-4BB2-81A1-3FD362306753}"
EndProject
Project("{9A19103F-16F7-4668-BE54-9A1E7A4F7556}") = "TeacherService.Application", "TeacherService.Application\TeacherService.Application.csproj", "{1C29AEAB-8E6F-4EB7-BA6A-B1851127B5D2}"
EndProject
Project("{2150E333-8FDC-42A3-9474-1A3956D46DE8}") = "AuthenticationService", "AuthenticationService", "{98D2F021-7C94-445B-A569-3884C2479FE9}"
EndProject
Project("{2150E333-8FDC-42A3-9474-1A3956D46DE8}") = "NotificationService", "NotificationService", "{D8252FCF-32D5-4775-BAB3-B33C6AB2875B}"
EndProject
Project("{2150E333-8FDC-42A3-9474-1A3956D46DE8}") = "Core", "Core", "{672B84EC-30C4-4FC6-8759-44BCF948210B}"
EndProject
Project("{2150E333-8FDC-42A3-9474-1A3956D46DE8}") = "Common", "Common", "{EC2CC7CA-4CC5-4499-8780-1D99AD180C3D}"
EndProject
Project("{2150E333-8FDC-42A3-9474-1A3956D46DE8}") = "Infrastructure", "Infrastructure", "{D63CD9DA-32F4-4FCA-A0B8-2834CF09071F}"
EndProject
Project("{2150E333-8FDC-42A3-9474-1A3956D46DE8}") = "Presentation", "Presentation", "{9A9A16E1-6193-486A-B9CA-DF26EE80EFE5}"
EndProject
Project("{9A19103F-16F7-4668-BE54-9A1E7A4F7556}") = "NotificationService.Application", "NotificationService.Application\NotificationService.Application.csproj", "{0ACC0ACB-674C-4C41-94DD-F633092783D8}"
EndProject
Project("{9A19103F-16F7-4668-BE54-9A1E7A4F7556}") = "NotificationService.Infrastructure", "NotificationService.Infrastructure\NotificationService.Infrastructure.csproj", "{068BB680-C390-4386-93D8-6545E2B60C30}"
EndProject
Project("{9A19103F-16F7-4668-BE54-9A1E7A4F7556}") = "NotificationService.Infrastructure.Abstraction", "NotificationService.Infrastructure.Abstraction\NotificationService.Infrastructure.Abstraction.csproj", "{A911C6BC-7B06-4A95-ABF4-A3F243F58211}"
EndProject
Project("{2150E333-8FDC-42A3-9474-1A3956D46DE8}") = "Core", "Core", "{9B2A8052-486D-4277-9450-14F9B2291A49}"
EndProject
Project("{2150E333-8FDC-42A3-9474-1A3956D46DE8}") = "Common", "Common", "{34FAC933-8548-4627-8BCA-521365E616E7}"
EndProject
Project("{2150E333-8FDC-42A3-9474-1A3956D46DE8}") = "Infrastructure", "Infrastructure", "{1353D03E-5E8A-4398-BD66-D57909DBBF69}"
EndProject
Project("{2150E333-8FDC-42A3-9474-1A3956D46DE8}") = "Presentation", "Presentation", "{94736023-B248-4891-ADAF-B943DEA3953D}"
	ProjectSection(SolutionItems) = preProject
		UMS_Lab3\Firebase-config.json = UMS_Lab3\Firebase-config.json
	EndProjectSection
EndProject
Project("{9A19103F-16F7-4668-BE54-9A1E7A4F7556}") = "AuthenticationService", "AuthenticationService\AuthenticationService.csproj", "{95A9F687-7867-48AE-A3C0-41848BCBCDBE}"
EndProject
Project("{9A19103F-16F7-4668-BE54-9A1E7A4F7556}") = "AuthenticationService.Domain", "AuthenticationService.Domain\AuthenticationService.Domain.csproj", "{1ABF78FC-EB0E-41C7-AA83-B82246B8B5C3}"
EndProject
Project("{9A19103F-16F7-4668-BE54-9A1E7A4F7556}") = "AuthenticationService.Persistence", "AuthenticationService.Persistence\AuthenticationService.Persistence.csproj", "{B04FB40E-6951-4246-BC1F-4F745BC05348}"
EndProject
Global
	GlobalSection(SolutionConfigurationPlatforms) = preSolution
		Debug|Any CPU = Debug|Any CPU
		Release|Any CPU = Release|Any CPU
	EndGlobalSection
	GlobalSection(ProjectConfigurationPlatforms) = postSolution
		{8F128ACE-7613-4EB0-82A5-FC342FD00F32}.Debug|Any CPU.ActiveCfg = Debug|Any CPU
		{8F128ACE-7613-4EB0-82A5-FC342FD00F32}.Debug|Any CPU.Build.0 = Debug|Any CPU
		{8F128ACE-7613-4EB0-82A5-FC342FD00F32}.Release|Any CPU.ActiveCfg = Release|Any CPU
		{8F128ACE-7613-4EB0-82A5-FC342FD00F32}.Release|Any CPU.Build.0 = Release|Any CPU
		{8A5E3DAF-892A-4677-B902-69407BA2A814}.Debug|Any CPU.ActiveCfg = Debug|Any CPU
		{8A5E3DAF-892A-4677-B902-69407BA2A814}.Debug|Any CPU.Build.0 = Debug|Any CPU
		{8A5E3DAF-892A-4677-B902-69407BA2A814}.Release|Any CPU.ActiveCfg = Release|Any CPU
		{8A5E3DAF-892A-4677-B902-69407BA2A814}.Release|Any CPU.Build.0 = Release|Any CPU
		{B9453840-1592-4231-8304-740C34A3980E}.Debug|Any CPU.ActiveCfg = Debug|Any CPU
		{B9453840-1592-4231-8304-740C34A3980E}.Debug|Any CPU.Build.0 = Debug|Any CPU
		{B9453840-1592-4231-8304-740C34A3980E}.Release|Any CPU.ActiveCfg = Release|Any CPU
		{B9453840-1592-4231-8304-740C34A3980E}.Release|Any CPU.Build.0 = Release|Any CPU
		{56E6017C-9F05-463B-9141-9739B51FE82E}.Debug|Any CPU.ActiveCfg = Debug|Any CPU
		{56E6017C-9F05-463B-9141-9739B51FE82E}.Debug|Any CPU.Build.0 = Debug|Any CPU
		{56E6017C-9F05-463B-9141-9739B51FE82E}.Release|Any CPU.ActiveCfg = Release|Any CPU
		{56E6017C-9F05-463B-9141-9739B51FE82E}.Release|Any CPU.Build.0 = Release|Any CPU
		{36E00DD5-8E23-46E8-9A2A-AE3161E0A2AD}.Debug|Any CPU.ActiveCfg = Debug|Any CPU
		{36E00DD5-8E23-46E8-9A2A-AE3161E0A2AD}.Debug|Any CPU.Build.0 = Debug|Any CPU
		{36E00DD5-8E23-46E8-9A2A-AE3161E0A2AD}.Release|Any CPU.ActiveCfg = Release|Any CPU
		{36E00DD5-8E23-46E8-9A2A-AE3161E0A2AD}.Release|Any CPU.Build.0 = Release|Any CPU
		{B7754B3A-30A9-411D-8185-8E5000FA8E8E}.Debug|Any CPU.ActiveCfg = Debug|Any CPU
		{B7754B3A-30A9-411D-8185-8E5000FA8E8E}.Debug|Any CPU.Build.0 = Debug|Any CPU
		{B7754B3A-30A9-411D-8185-8E5000FA8E8E}.Release|Any CPU.ActiveCfg = Release|Any CPU
		{B7754B3A-30A9-411D-8185-8E5000FA8E8E}.Release|Any CPU.Build.0 = Release|Any CPU
		{07417E96-BC74-4A7F-B45E-21E49781AFEB}.Debug|Any CPU.ActiveCfg = Debug|Any CPU
		{07417E96-BC74-4A7F-B45E-21E49781AFEB}.Debug|Any CPU.Build.0 = Debug|Any CPU
		{07417E96-BC74-4A7F-B45E-21E49781AFEB}.Release|Any CPU.ActiveCfg = Release|Any CPU
		{07417E96-BC74-4A7F-B45E-21E49781AFEB}.Release|Any CPU.Build.0 = Release|Any CPU
		{90EAC79C-2306-4E47-B07A-96BDEFC1D5E8}.Debug|Any CPU.ActiveCfg = Debug|Any CPU
		{90EAC79C-2306-4E47-B07A-96BDEFC1D5E8}.Debug|Any CPU.Build.0 = Debug|Any CPU
		{90EAC79C-2306-4E47-B07A-96BDEFC1D5E8}.Release|Any CPU.ActiveCfg = Release|Any CPU
		{90EAC79C-2306-4E47-B07A-96BDEFC1D5E8}.Release|Any CPU.Build.0 = Release|Any CPU
		{AB2D6CEA-28F3-4B04-ABD0-E9706995DE5A}.Debug|Any CPU.ActiveCfg = Debug|Any CPU
		{AB2D6CEA-28F3-4B04-ABD0-E9706995DE5A}.Debug|Any CPU.Build.0 = Debug|Any CPU
		{AB2D6CEA-28F3-4B04-ABD0-E9706995DE5A}.Release|Any CPU.ActiveCfg = Release|Any CPU
		{AB2D6CEA-28F3-4B04-ABD0-E9706995DE5A}.Release|Any CPU.Build.0 = Release|Any CPU
		{F2FEA088-FB3D-4C8D-84AA-20754E67F7B3}.Debug|Any CPU.ActiveCfg = Debug|Any CPU
		{F2FEA088-FB3D-4C8D-84AA-20754E67F7B3}.Debug|Any CPU.Build.0 = Debug|Any CPU
		{F2FEA088-FB3D-4C8D-84AA-20754E67F7B3}.Release|Any CPU.ActiveCfg = Release|Any CPU
		{F2FEA088-FB3D-4C8D-84AA-20754E67F7B3}.Release|Any CPU.Build.0 = Release|Any CPU
		{A24BFC30-C96B-4593-8E36-C8906240D01A}.Debug|Any CPU.ActiveCfg = Debug|Any CPU
		{A24BFC30-C96B-4593-8E36-C8906240D01A}.Debug|Any CPU.Build.0 = Debug|Any CPU
		{A24BFC30-C96B-4593-8E36-C8906240D01A}.Release|Any CPU.ActiveCfg = Release|Any CPU
		{A24BFC30-C96B-4593-8E36-C8906240D01A}.Release|Any CPU.Build.0 = Release|Any CPU
		{3F05EBB1-25E5-4A90-8410-B76F3F46FF49}.Debug|Any CPU.ActiveCfg = Debug|Any CPU
		{3F05EBB1-25E5-4A90-8410-B76F3F46FF49}.Debug|Any CPU.Build.0 = Debug|Any CPU
		{3F05EBB1-25E5-4A90-8410-B76F3F46FF49}.Release|Any CPU.ActiveCfg = Release|Any CPU
		{3F05EBB1-25E5-4A90-8410-B76F3F46FF49}.Release|Any CPU.Build.0 = Release|Any CPU
		{186E8800-9269-4302-ABAF-C668A50ED7FE}.Debug|Any CPU.ActiveCfg = Debug|Any CPU
		{186E8800-9269-4302-ABAF-C668A50ED7FE}.Debug|Any CPU.Build.0 = Debug|Any CPU
		{186E8800-9269-4302-ABAF-C668A50ED7FE}.Release|Any CPU.ActiveCfg = Release|Any CPU
		{186E8800-9269-4302-ABAF-C668A50ED7FE}.Release|Any CPU.Build.0 = Release|Any CPU
		{62B9CF92-5D0D-418F-8BAA-EBDA20AD7BC8}.Debug|Any CPU.ActiveCfg = Debug|Any CPU
		{62B9CF92-5D0D-418F-8BAA-EBDA20AD7BC8}.Debug|Any CPU.Build.0 = Debug|Any CPU
		{62B9CF92-5D0D-418F-8BAA-EBDA20AD7BC8}.Release|Any CPU.ActiveCfg = Release|Any CPU
		{62B9CF92-5D0D-418F-8BAA-EBDA20AD7BC8}.Release|Any CPU.Build.0 = Release|Any CPU
		{8BB21D06-6976-4777-BDA9-74CE0881C14B}.Debug|Any CPU.ActiveCfg = Debug|Any CPU
		{8BB21D06-6976-4777-BDA9-74CE0881C14B}.Debug|Any CPU.Build.0 = Debug|Any CPU
		{8BB21D06-6976-4777-BDA9-74CE0881C14B}.Release|Any CPU.ActiveCfg = Release|Any CPU
		{8BB21D06-6976-4777-BDA9-74CE0881C14B}.Release|Any CPU.Build.0 = Release|Any CPU
		{F942155C-CE18-4864-A616-C96283A9173C}.Debug|Any CPU.ActiveCfg = Debug|Any CPU
		{F942155C-CE18-4864-A616-C96283A9173C}.Debug|Any CPU.Build.0 = Debug|Any CPU
		{F942155C-CE18-4864-A616-C96283A9173C}.Release|Any CPU.ActiveCfg = Release|Any CPU
		{F942155C-CE18-4864-A616-C96283A9173C}.Release|Any CPU.Build.0 = Release|Any CPU
		{50FBF2D4-CAB4-451F-BF7D-81EC5AA6FEC0}.Debug|Any CPU.ActiveCfg = Debug|Any CPU
		{50FBF2D4-CAB4-451F-BF7D-81EC5AA6FEC0}.Debug|Any CPU.Build.0 = Debug|Any CPU
		{50FBF2D4-CAB4-451F-BF7D-81EC5AA6FEC0}.Release|Any CPU.ActiveCfg = Release|Any CPU
		{50FBF2D4-CAB4-451F-BF7D-81EC5AA6FEC0}.Release|Any CPU.Build.0 = Release|Any CPU
		{20652A6D-D9BF-4BB2-81A1-3FD362306753}.Debug|Any CPU.ActiveCfg = Debug|Any CPU
		{20652A6D-D9BF-4BB2-81A1-3FD362306753}.Debug|Any CPU.Build.0 = Debug|Any CPU
		{20652A6D-D9BF-4BB2-81A1-3FD362306753}.Release|Any CPU.ActiveCfg = Release|Any CPU
		{20652A6D-D9BF-4BB2-81A1-3FD362306753}.Release|Any CPU.Build.0 = Release|Any CPU
		{1C29AEAB-8E6F-4EB7-BA6A-B1851127B5D2}.Debug|Any CPU.ActiveCfg = Debug|Any CPU
		{1C29AEAB-8E6F-4EB7-BA6A-B1851127B5D2}.Debug|Any CPU.Build.0 = Debug|Any CPU
		{1C29AEAB-8E6F-4EB7-BA6A-B1851127B5D2}.Release|Any CPU.ActiveCfg = Release|Any CPU
		{1C29AEAB-8E6F-4EB7-BA6A-B1851127B5D2}.Release|Any CPU.Build.0 = Release|Any CPU
		{0ACC0ACB-674C-4C41-94DD-F633092783D8}.Debug|Any CPU.ActiveCfg = Debug|Any CPU
		{0ACC0ACB-674C-4C41-94DD-F633092783D8}.Debug|Any CPU.Build.0 = Debug|Any CPU
		{0ACC0ACB-674C-4C41-94DD-F633092783D8}.Release|Any CPU.ActiveCfg = Release|Any CPU
		{0ACC0ACB-674C-4C41-94DD-F633092783D8}.Release|Any CPU.Build.0 = Release|Any CPU
		{068BB680-C390-4386-93D8-6545E2B60C30}.Debug|Any CPU.ActiveCfg = Debug|Any CPU
		{068BB680-C390-4386-93D8-6545E2B60C30}.Debug|Any CPU.Build.0 = Debug|Any CPU
		{068BB680-C390-4386-93D8-6545E2B60C30}.Release|Any CPU.ActiveCfg = Release|Any CPU
		{068BB680-C390-4386-93D8-6545E2B60C30}.Release|Any CPU.Build.0 = Release|Any CPU
		{A911C6BC-7B06-4A95-ABF4-A3F243F58211}.Debug|Any CPU.ActiveCfg = Debug|Any CPU
		{A911C6BC-7B06-4A95-ABF4-A3F243F58211}.Debug|Any CPU.Build.0 = Debug|Any CPU
		{A911C6BC-7B06-4A95-ABF4-A3F243F58211}.Release|Any CPU.ActiveCfg = Release|Any CPU
		{A911C6BC-7B06-4A95-ABF4-A3F243F58211}.Release|Any CPU.Build.0 = Release|Any CPU
		{95A9F687-7867-48AE-A3C0-41848BCBCDBE}.Debug|Any CPU.ActiveCfg = Debug|Any CPU
		{95A9F687-7867-48AE-A3C0-41848BCBCDBE}.Debug|Any CPU.Build.0 = Debug|Any CPU
		{95A9F687-7867-48AE-A3C0-41848BCBCDBE}.Release|Any CPU.ActiveCfg = Release|Any CPU
		{95A9F687-7867-48AE-A3C0-41848BCBCDBE}.Release|Any CPU.Build.0 = Release|Any CPU
		{1ABF78FC-EB0E-41C7-AA83-B82246B8B5C3}.Debug|Any CPU.ActiveCfg = Debug|Any CPU
		{1ABF78FC-EB0E-41C7-AA83-B82246B8B5C3}.Debug|Any CPU.Build.0 = Debug|Any CPU
		{1ABF78FC-EB0E-41C7-AA83-B82246B8B5C3}.Release|Any CPU.ActiveCfg = Release|Any CPU
		{1ABF78FC-EB0E-41C7-AA83-B82246B8B5C3}.Release|Any CPU.Build.0 = Release|Any CPU
		{B04FB40E-6951-4246-BC1F-4F745BC05348}.Debug|Any CPU.ActiveCfg = Debug|Any CPU
		{B04FB40E-6951-4246-BC1F-4F745BC05348}.Debug|Any CPU.Build.0 = Debug|Any CPU
		{B04FB40E-6951-4246-BC1F-4F745BC05348}.Release|Any CPU.ActiveCfg = Release|Any CPU
		{B04FB40E-6951-4246-BC1F-4F745BC05348}.Release|Any CPU.Build.0 = Release|Any CPU
	EndGlobalSection
	GlobalSection(SolutionProperties) = preSolution
		HideSolutionNode = FALSE
	EndGlobalSection
	GlobalSection(NestedProjects) = preSolution
		{5CF10D4B-CA90-410A-A566-ECC5BC5C2114} = {2B133ED5-5B71-4938-B9EC-76916A008F96}
		{947CACE3-F27B-400F-B18D-9F924C33A37C} = {2B133ED5-5B71-4938-B9EC-76916A008F96}
		{F99CB47D-71A9-45F0-B4A0-188D514CC980} = {2B133ED5-5B71-4938-B9EC-76916A008F96}
		{C9AC5C3F-F04D-46F4-9251-B1FB8D030F68} = {2B133ED5-5B71-4938-B9EC-76916A008F96}
		{8F128ACE-7613-4EB0-82A5-FC342FD00F32} = {316081DF-2389-463B-81EC-9E360DBA3D6C}
		{8A5E3DAF-892A-4677-B902-69407BA2A814} = {F99CB47D-71A9-45F0-B4A0-188D514CC980}
		{B9453840-1592-4231-8304-740C34A3980E} = {F99CB47D-71A9-45F0-B4A0-188D514CC980}
		{56E6017C-9F05-463B-9141-9739B51FE82E} = {947CACE3-F27B-400F-B18D-9F924C33A37C}
		{36E00DD5-8E23-46E8-9A2A-AE3161E0A2AD} = {947CACE3-F27B-400F-B18D-9F924C33A37C}
		{B7754B3A-30A9-411D-8185-8E5000FA8E8E} = {C9AC5C3F-F04D-46F4-9251-B1FB8D030F68}
		{07417E96-BC74-4A7F-B45E-21E49781AFEB} = {9A9A16E1-6193-486A-B9CA-DF26EE80EFE5}
		{90EAC79C-2306-4E47-B07A-96BDEFC1D5E8} = {F99CB47D-71A9-45F0-B4A0-188D514CC980}
		{AB2D6CEA-28F3-4B04-ABD0-E9706995DE5A} = {A5808AC4-C8C6-4AA1-AE26-A568AE5DC593}
		{E19BF18A-5E6F-4AAC-800D-DCE4718CF802} = {0D1070A5-EC11-4B7D-ACC1-DA895759DC9A}
		{4485B093-4B90-4C28-9BC9-087610CD5E42} = {0D1070A5-EC11-4B7D-ACC1-DA895759DC9A}
		{BF8864AB-6B15-4107-9EC7-BAA4268B4449} = {94736023-B248-4891-ADAF-B943DEA3953D}
		{316081DF-2389-463B-81EC-9E360DBA3D6C} = {0D1070A5-EC11-4B7D-ACC1-DA895759DC9A}
		{F2FEA088-FB3D-4C8D-84AA-20754E67F7B3} = {4485B093-4B90-4C28-9BC9-087610CD5E42}
		{A24BFC30-C96B-4593-8E36-C8906240D01A} = {4485B093-4B90-4C28-9BC9-087610CD5E42}
		{3F05EBB1-25E5-4A90-8410-B76F3F46FF49} = {BF8864AB-6B15-4107-9EC7-BAA4268B4449}
		{15227686-8DF5-40F7-ABC2-89B5A00D01BE} = {1CF79C09-5212-45CB-88A4-CD15C3F7843E}
		{F6304B70-F715-40DF-82D1-53623A8E664F} = {1CF79C09-5212-45CB-88A4-CD15C3F7843E}
		{758AFDAF-0F02-43F0-834C-6E79F04FCE2A} = {1CF79C09-5212-45CB-88A4-CD15C3F7843E}
		{DE77AD0D-7ADC-4140-9FC9-9A2627F4A07D} = {1CF79C09-5212-45CB-88A4-CD15C3F7843E}
		{186E8800-9269-4302-ABAF-C668A50ED7FE} = {DE77AD0D-7ADC-4140-9FC9-9A2627F4A07D}
		{62B9CF92-5D0D-418F-8BAA-EBDA20AD7BC8} = {758AFDAF-0F02-43F0-834C-6E79F04FCE2A}
		{8BB21D06-6976-4777-BDA9-74CE0881C14B} = {F6304B70-F715-40DF-82D1-53623A8E664F}
		{F942155C-CE18-4864-A616-C96283A9173C} = {F6304B70-F715-40DF-82D1-53623A8E664F}
		{0B48E05B-1390-408F-9BBE-CA08F963D761} = {6CDB1C3E-2042-4BEB-A39E-3F8C2C0C0841}
		{7EB4D537-82B2-43DF-8D7B-285734EAF2E1} = {6CDB1C3E-2042-4BEB-A39E-3F8C2C0C0841}
		{AD73F93E-17CA-4A19-B0C8-AEDACFB1D163} = {6CDB1C3E-2042-4BEB-A39E-3F8C2C0C0841}
		{A5808AC4-C8C6-4AA1-AE26-A568AE5DC593} = {6CDB1C3E-2042-4BEB-A39E-3F8C2C0C0841}
		{50FBF2D4-CAB4-451F-BF7D-81EC5AA6FEC0} = {AD73F93E-17CA-4A19-B0C8-AEDACFB1D163}
		{20652A6D-D9BF-4BB2-81A1-3FD362306753} = {0B48E05B-1390-408F-9BBE-CA08F963D761}
		{1C29AEAB-8E6F-4EB7-BA6A-B1851127B5D2} = {0B48E05B-1390-408F-9BBE-CA08F963D761}
		{672B84EC-30C4-4FC6-8759-44BCF948210B} = {D8252FCF-32D5-4775-BAB3-B33C6AB2875B}
		{EC2CC7CA-4CC5-4499-8780-1D99AD180C3D} = {D8252FCF-32D5-4775-BAB3-B33C6AB2875B}
		{D63CD9DA-32F4-4FCA-A0B8-2834CF09071F} = {D8252FCF-32D5-4775-BAB3-B33C6AB2875B}
		{9A9A16E1-6193-486A-B9CA-DF26EE80EFE5} = {D8252FCF-32D5-4775-BAB3-B33C6AB2875B}
		{0ACC0ACB-674C-4C41-94DD-F633092783D8} = {672B84EC-30C4-4FC6-8759-44BCF948210B}
		{068BB680-C390-4386-93D8-6545E2B60C30} = {D63CD9DA-32F4-4FCA-A0B8-2834CF09071F}
		{A911C6BC-7B06-4A95-ABF4-A3F243F58211} = {D63CD9DA-32F4-4FCA-A0B8-2834CF09071F}
		{9B2A8052-486D-4277-9450-14F9B2291A49} = {98D2F021-7C94-445B-A569-3884C2479FE9}
		{34FAC933-8548-4627-8BCA-521365E616E7} = {98D2F021-7C94-445B-A569-3884C2479FE9}
		{1353D03E-5E8A-4398-BD66-D57909DBBF69} = {98D2F021-7C94-445B-A569-3884C2479FE9}
		{94736023-B248-4891-ADAF-B943DEA3953D} = {98D2F021-7C94-445B-A569-3884C2479FE9}
		{95A9F687-7867-48AE-A3C0-41848BCBCDBE} = {94736023-B248-4891-ADAF-B943DEA3953D}
		{1ABF78FC-EB0E-41C7-AA83-B82246B8B5C3} = {9B2A8052-486D-4277-9450-14F9B2291A49}
		{B04FB40E-6951-4246-BC1F-4F745BC05348} = {1353D03E-5E8A-4398-BD66-D57909DBBF69}
	EndGlobalSection
	GlobalSection(ExtensibilityGlobals) = postSolution
		SolutionGuid = {DF81A20C-D648-48F3-AE76-B27190CBC990}
	EndGlobalSection
EndGlobal
